
Microsoft Visual Studio Solution File, Format Version 12.00
# Visual Studio Version 17
VisualStudioVersion = 17.10.35004.147
MinimumVisualStudioVersion = 10.0.40219.1
Project("{FAE04EC0-301F-11D3-BF4B-00C04F79EFBC}") = "Tailstale", "Tailstale\Tailstale.csproj", "{383A377D-4D02-4A79-9036-818A75349067}"
EndProject
Project("{2150E333-8FDC-42A3-9474-1A3956D46DE8}") = "方案項目", "方案項目", "{A2C5D932-E450-48BC-BCD6-001EBA7C7554}"
	ProjectSection(SolutionItems) = preProject
		TextFile1.txt = TextFile1.txt
	EndProjectSection
EndProject
Global
	GlobalSection(SolutionConfigurationPlatforms) = preSolution
		Debug|Any CPU = Debug|Any CPU
		Release|Any CPU = Release|Any CPU
	EndGlobalSection
	GlobalSection(ProjectConfigurationPlatforms) = postSolution
		{383A377D-4D02-4A79-9036-818A75349067}.Debug|Any CPU.ActiveCfg = Debug|Any CPU
		{383A377D-4D02-4A79-9036-818A75349067}.Debug|Any CPU.Build.0 = Debug|Any CPU
		{383A377D-4D02-4A79-9036-818A75349067}.Release|Any CPU.ActiveCfg = Release|Any CPU
		{383A377D-4D02-4A79-9036-818A75349067}.Release|Any CPU.Build.0 = Release|Any CPU
	EndGlobalSection
	GlobalSection(SolutionProperties) = preSolution
		HideSolutionNode = FALSE
	EndGlobalSection
	GlobalSection(ExtensibilityGlobals) = postSolution
		SolutionGuid = {B7BDFBEF-5DC4-4C4C-8E8A-93FB73333A2A}
	EndGlobalSection
EndGlobal
